[[package]]
name = "pathlib"
version = "1.0.1"
description = "Object-oriented filesystem paths"
category = "main"
optional = false
python-versions = "*"

[[package]]
name = "plotly"
version = "5.13.1"
description = "An open-source, interactive data visualization library for Python"
category = "main"
optional = false
python-versions = ">=3.6"

[package.dependencies]
tenacity = ">=6.2.0"

[[package]]
name = "tenacity"
version = "8.2.2"
description = "Retry code until it succeeds"
category = "main"
optional = false
python-versions = ">=3.6"

[package.extras]
doc = ["reno", "sphinx", "tornado (>=4.5)"]

[metadata]
lock-version = "1.1"
python-versions = "^3.10"
content-hash = "4e06373eab4c79ac99dc24c36d52cec8f31be9b8102a1a2e4db6e099e764d760"

[metadata.files]
pathlib = [
    {file = "pathlib-1.0.1-py3-none-any.whl", hash = "sha256:f35f95ab8b0f59e6d354090350b44a80a80635d22efdedfa84c7ad1cf0a74147"},
    {file = "pathlib-1.0.1.tar.gz", hash = "sha256:6940718dfc3eff4258203ad5021090933e5c04707d5ca8cc9e73c94a7894ea9f"},
]
plotly = [
    {file = "plotly-5.13.1-py2.py3-none-any.whl", hash = "sha256:f776a5c664908450c6c1727f61e8e2e22798d9c6c69d37a9057735365084a2fa"},
    {file = "plotly-5.13.1.tar.gz", hash = "sha256:90ee9a1fee0dda30e2830e129855081ea17bd1b06a553a62b62de15caff1a219"},
]
tenacity = [
    {file = "tenacity-8.2.2-py3-none-any.whl", hash = "sha256:2f277afb21b851637e8f52e6a613ff08734c347dc19ade928e519d7d2d8569b0"},
    {file = "tenacity-8.2.2.tar.gz", hash = "sha256:43af037822bd0029025877f3b2d97cc4d7bb0c2991000a3d59d71517c5c969e0"},
]
